
Microsoft Visual Studio Solution File, Format Version 12.00
# Visual Studio 14
VisualStudioVersion = 14.0.25123.0
MinimumVisualStudioVersion = 10.0.40219.1
Project("{FB92B848-87AB-45A0-AEEE-EBE036CF9870}") = "Sitecore.Support.119286", "Sitecore.Support.119286\Sitecore.Support.119286.csproj", "{DD4EBDB9-299E-40F1-B16D-40890FFB72DF}"
EndProject
Global
	GlobalSection(SolutionConfigurationPlatforms) = preSolution
		Debug|Any CPU = Debug|Any CPU
		Release|Any CPU = Release|Any CPU
	EndGlobalSection
	GlobalSection(ProjectConfigurationPlatforms) = postSolution
		{DD4EBDB9-299E-40F1-B16D-40890FFB72DF}.Debug|Any CPU.ActiveCfg = Debug|Any CPU
		{DD4EBDB9-299E-40F1-B16D-40890FFB72DF}.Debug|Any CPU.Build.0 = Debug|Any CPU
		{DD4EBDB9-299E-40F1-B16D-40890FFB72DF}.Release|Any CPU.ActiveCfg = Release|Any CPU
		{DD4EBDB9-299E-40F1-B16D-40890FFB72DF}.Release|Any CPU.Build.0 = Release|Any CPU
	EndGlobalSection
	GlobalSection(SolutionProperties) = preSolution
		HideSolutionNode = FALSE
	EndGlobalSection
EndGlobal
